// !$*UTF8*$!
{
	archiveVersion = 1;
	classes = {
	};
	objectVersion = 50;
	objects = {

/* Begin PBXBuildFile section */
		4EAFE06A2181525B008038BF /* AppDelegate.swift in Sources */ = {isa = PBXBuildFile; fileRef = 4EAFE0692181525B008038BF /* AppDelegate.swift */; };
		4EAFE06C2181525B008038BF /* ViewController.swift in Sources */ = {isa = PBXBuildFile; fileRef = 4EAFE06B2181525B008038BF /* ViewController.swift */; };
		4EAFE06F2181525B008038BF /* Main.storyboard in Resources */ = {isa = PBXBuildFile; fileRef = 4EAFE06D2181525B008038BF /* Main.storyboard */; };
		4EAFE0712181525B008038BF /* Assets.xcassets in Resources */ = {isa = PBXBuildFile; fileRef = 4EAFE0702181525B008038BF /* Assets.xcassets */; };
		4EAFE0742181525B008038BF /* LaunchScreen.storyboard in Resources */ = {isa = PBXBuildFile; fileRef = 4EAFE0722181525B008038BF /* LaunchScreen.storyboard */; };
		4EAFE07F2181525C008038BF /* iFaithAppTests.swift in Sources */ = {isa = PBXBuildFile; fileRef = 4EAFE07E2181525C008038BF /* iFaithAppTests.swift */; };
		4EAFE08A2181525C008038BF /* iFaithAppUITests.swift in Sources */ = {isa = PBXBuildFile; fileRef = 4EAFE0892181525C008038BF /* iFaithAppUITests.swift */; };
		4EAFE09921815297008038BF /* Faithdroid.framework in Frameworks */ = {isa = PBXBuildFile; fileRef = 4EAFE09821815297008038BF /* Faithdroid.framework */; };
		4EAFE09B21815357008038BF /* UIBridge.swift in Sources */ = {isa = PBXBuildFile; fileRef = 4EAFE09A21815357008038BF /* UIBridge.swift */; };
		4EAFE09D218153EB008038BF /* FView.swift in Sources */ = {isa = PBXBuildFile; fileRef = 4EAFE09C218153EB008038BF /* FView.swift */; };
		4EAFE09F218154B9008038BF /* FrameLayout.swift in Sources */ = {isa = PBXBuildFile; fileRef = 4EAFE09E218154B9008038BF /* FrameLayout.swift */; };
		4EAFE0A121815604008038BF /* Button.swift in Sources */ = {isa = PBXBuildFile; fileRef = 4EAFE0A021815604008038BF /* Button.swift */; };
/* End PBXBuildFile section */

/* Begin PBXContainerItemProxy section */
		4EAFE07B2181525C008038BF /* PBXContainerItemProxy */ = {
			isa = PBXContainerItemProxy;
			containerPortal = 4EAFE05E2181525B008038BF /* Project object */;
			proxyType = 1;
			remoteGlobalIDString = 4EAFE0652181525B008038BF;
			remoteInfo = iFaithApp;
		};
		4EAFE0862181525C008038BF /* PBXContainerItemProxy */ = {
			isa = PBXContainerItemProxy;
			containerPortal = 4EAFE05E2181525B008038BF /* Project object */;
			proxyType = 1;
			remoteGlobalIDString = 4EAFE0652181525B008038BF;
			remoteInfo = iFaithApp;
		};
/* End PBXContainerItemProxy section */

/* Begin PBXFileReference section */
		4EAFE0662181525B008038BF /* iFaithApp.app */ = {isa = PBXFileReference; explicitFileType = wrapper.application; includeInIndex = 0; path = iFaithApp.app; sourceTree = BUILT_PRODUCTS_DIR; };
		4EAFE0692181525B008038BF /* AppDelegate.swift */ = {isa = PBXFileReference; lastKnownFileType = sourcecode.swift; path = AppDelegate.swift; sourceTree = "<group>"; };
		4EAFE06B2181525B008038BF /* ViewController.swift */ = {isa = PBXFileReference; lastKnownFileType = sourcecode.swift; path = ViewController.swift; sourceTree = "<group>"; };
		4EAFE06E2181525B008038BF /* Base */ = {isa = PBXFileReference; lastKnownFileType = file.storyboard; name = Base; path = Base.lproj/Main.storyboard; sourceTree = "<group>"; };
		4EAFE0702181525B008038BF /* Assets.xcassets */ = {isa = PBXFileReference; lastKnownFileType = folder.assetcatalog; path = Assets.xcassets; sourceTree = "<group>"; };
		4EAFE0732181525B008038BF /* Base */ = {isa = PBXFileReference; lastKnownFileType = file.storyboard; name = Base; path = Base.lproj/LaunchScreen.storyboard; sourceTree = "<group>"; };
		4EAFE0752181525B008038BF /* Info.plist */ = {isa = PBXFileReference; lastKnownFileType = text.plist.xml; path = Info.plist; sourceTree = "<group>"; };
		4EAFE07A2181525C008038BF /* iFaithAppTests.xctest */ = {isa = PBXFileReference; explicitFileType = wrapper.cfbundle; includeInIndex = 0; path = iFaithAppTests.xctest; sourceTree = BUILT_PRODUCTS_DIR; };
		4EAFE07E2181525C008038BF /* iFaithAppTests.swift */ = {isa = PBXFileReference; lastKnownFileType = sourcecode.swift; path = iFaithAppTests.swift; sourceTree = "<group>"; };
		4EAFE0802181525C008038BF /* Info.plist */ = {isa = PBXFileReference; lastKnownFileType = text.plist.xml; path = Info.plist; sourceTree = "<group>"; };
		4EAFE0852181525C008038BF /* iFaithAppUITests.xctest */ = {isa = PBXFileReference; explicitFileType = wrapper.cfbundle; includeInIndex = 0; path = iFaithAppUITests.xctest; sourceTree = BUILT_PRODUCTS_DIR; };
		4EAFE0892181525C008038BF /* iFaithAppUITests.swift */ = {isa = PBXFileReference; lastKnownFileType = sourcecode.swift; path = iFaithAppUITests.swift; sourceTree = "<group>"; };
		4EAFE08B2181525C008038BF /* Info.plist */ = {isa = PBXFileReference; lastKnownFileType = text.plist.xml; path = Info.plist; sourceTree = "<group>"; };
		4EAFE09821815297008038BF /* Faithdroid.framework */ = {isa = PBXFileReference; lastKnownFileType = wrapper.framework; path = Faithdroid.framework; sourceTree = "<group>"; };
		4EAFE09A21815357008038BF /* UIBridge.swift */ = {isa = PBXFileReference; lastKnownFileType = sourcecode.swift; path = UIBridge.swift; sourceTree = "<group>"; };
		4EAFE09C218153EB008038BF /* FView.swift */ = {isa = PBXFileReference; lastKnownFileType = sourcecode.swift; path = FView.swift; sourceTree = "<group>"; };
		4EAFE09E218154B9008038BF /* FrameLayout.swift */ = {isa = PBXFileReference; lastKnownFileType = sourcecode.swift; path = FrameLayout.swift; sourceTree = "<group>"; };
		4EAFE0A021815604008038BF /* Button.swift */ = {isa = PBXFileReference; lastKnownFileType = sourcecode.swift; path = Button.swift; sourceTree = "<group>"; };
/* End PBXFileReference section */

/* Begin PBXFrameworksBuildPhase section */
		4EAFE0632181525B008038BF /* Frameworks */ = {
			isa = PBXFrameworksBuildPhase;
			buildActionMask = 2147483647;
			files = (
				4EAFE09921815297008038BF /* Faithdroid.framework in Frameworks */,
			);
			runOnlyForDeploymentPostprocessing = 0;
		};
		4EAFE0772181525C008038BF /* Frameworks */ = {
			isa = PBXFrameworksBuildPhase;
			buildActionMask = 2147483647;
			files = (
			);
			runOnlyForDeploymentPostprocessing = 0;
		};
		4EAFE0822181525C008038BF /* Frameworks */ = {
			isa = PBXFrameworksBuildPhase;
			buildActionMask = 2147483647;
			files = (
			);
			runOnlyForDeploymentPostprocessing = 0;
		};
/* End PBXFrameworksBuildPhase section */

/* Begin PBXGroup section */
		4EAFE05D2181525B008038BF = {
			isa = PBXGroup;
			children = (
				4EAFE0682181525B008038BF /* iFaithApp */,
				4EAFE07D2181525C008038BF /* iFaithAppTests */,
				4EAFE0882181525C008038BF /* iFaithAppUITests */,
				4EAFE0672181525B008038BF /* Products */,
				4EAFE09721815297008038BF /* Frameworks */,
			);
			sourceTree = "<group>";
		};
		4EAFE0672181525B008038BF /* Products */ = {
			isa = PBXGroup;
			children = (
				4EAFE0662181525B008038BF /* iFaithApp.app */,
				4EAFE07A2181525C008038BF /* iFaithAppTests.xctest */,
				4EAFE0852181525C008038BF /* iFaithAppUITests.xctest */,
			);
			name = Products;
			sourceTree = "<group>";
		};
		4EAFE0682181525B008038BF /* iFaithApp */ = {
			isa = PBXGroup;
			children = (
				4EAFE0692181525B008038BF /* AppDelegate.swift */,
				4EAFE06B2181525B008038BF /* ViewController.swift */,
				4EAFE09A21815357008038BF /* UIBridge.swift */,
				4EAFE09E218154B9008038BF /* FrameLayout.swift */,
				4EAFE09C218153EB008038BF /* FView.swift */,
				4EAFE0A021815604008038BF /* Button.swift */,
				4EAFE06D2181525B008038BF /* Main.storyboard */,
				4EAFE0702181525B008038BF /* Assets.xcassets */,
				4EAFE0722181525B008038BF /* LaunchScreen.storyboard */,
				4EAFE0752181525B008038BF /* Info.plist */,
			);
			path = iFaithApp;
			sourceTree = "<group>";
		};
		4EAFE07D2181525C008038BF /* iFaithAppTests */ = {
			isa = PBXGroup;
			children = (
				4EAFE07E2181525C008038BF /* iFaithAppTests.swift */,
				4EAFE0802181525C008038BF /* Info.plist */,
			);
			path = iFaithAppTests;
			sourceTree = "<group>";
		};
		4EAFE0882181525C008038BF /* iFaithAppUITests */ = {
			isa = PBXGroup;
			children = (
				4EAFE0892181525C008038BF /* iFaithAppUITests.swift */,
				4EAFE08B2181525C008038BF /* Info.plist */,
			);
			path = iFaithAppUITests;
			sourceTree = "<group>";
		};
		4EAFE09721815297008038BF /* Frameworks */ = {
			isa = PBXGroup;
			children = (
				4EAFE09821815297008038BF /* Faithdroid.framework */,
			);
			name = Frameworks;
			sourceTree = "<group>";
		};
/* End PBXGroup section */

/* Begin PBXNativeTarget section */
		4EAFE0652181525B008038BF /* iFaithApp */ = {
			isa = PBXNativeTarget;
			buildConfigurationList = 4EAFE08E2181525C008038BF /* Build configuration list for PBXNativeTarget "iFaithApp" */;
			buildPhases = (
				4EAFE0622181525B008038BF /* Sources */,
				4EAFE0632181525B008038BF /* Frameworks */,
				4EAFE0642181525B008038BF /* Resources */,
			);
			buildRules = (
			);
			dependencies = (
			);
			name = iFaithApp;
			productName = iFaithApp;
			productReference = 4EAFE0662181525B008038BF /* iFaithApp.app */;
			productType = "com.apple.product-type.application";
		};
		4EAFE0792181525C008038BF /* iFaithAppTests */ = {
			isa = PBXNativeTarget;
			buildConfigurationList = 4EAFE0912181525C008038BF /* Build configuration list for PBXNativeTarget "iFaithAppTests" */;
			buildPhases = (
				4EAFE0762181525C008038BF /* Sources */,
				4EAFE0772181525C008038BF /* Frameworks */,
				4EAFE0782181525C008038BF /* Resources */,
			);
			buildRules = (
			);
			dependencies = (
				4EAFE07C2181525C008038BF /* PBXTargetDependency */,
			);
			name = iFaithAppTests;
			productName = iFaithAppTests;
			productReference = 4EAFE07A2181525C008038BF /* iFaithAppTests.xctest */;
			productType = "com.apple.product-type.bundle.unit-test";
		};
		4EAFE0842181525C008038BF /* iFaithAppUITests */ = {
			isa = PBXNativeTarget;
			buildConfigurationList = 4EAFE0942181525C008038BF /* Build configuration list for PBXNativeTarget "iFaithAppUITests" */;
			buildPhases = (
				4EAFE0812181525C008038BF /* Sources */,
				4EAFE0822181525C008038BF /* Frameworks */,
				4EAFE0832181525C008038BF /* Resources */,
			);
			buildRules = (
			);
			dependencies = (
				4EAFE0872181525C008038BF /* PBXTargetDependency */,
			);
			name = iFaithAppUITests;
			productName = iFaithAppUITests;
			productReference = 4EAFE0852181525C008038BF /* iFaithAppUITests.xctest */;
			productType = "com.apple.product-type.bundle.ui-testing";
		};
/* End PBXNativeTarget section */

/* Begin PBXProject section */
		4EAFE05E2181525B008038BF /* Project object */ = {
			isa = PBXProject;
			attributes = {
				LastSwiftUpdateCheck = 1000;
				LastUpgradeCheck = 1000;
				ORGANIZATIONNAME = asd;
				TargetAttributes = {
					4EAFE0652181525B008038BF = {
						CreatedOnToolsVersion = 10.0;
					};
					4EAFE0792181525C008038BF = {
						CreatedOnToolsVersion = 10.0;
						TestTargetID = 4EAFE0652181525B008038BF;
					};
					4EAFE0842181525C008038BF = {
						CreatedOnToolsVersion = 10.0;
						TestTargetID = 4EAFE0652181525B008038BF;
					};
				};
			};
			buildConfigurationList = 4EAFE0612181525B008038BF /* Build configuration list for PBXProject "iFaithApp" */;
			compatibilityVersion = "Xcode 9.3";
			developmentRegion = en;
			hasScannedForEncodings = 0;
			knownRegions = (
				en,
				Base,
			);
			mainGroup = 4EAFE05D2181525B008038BF;
			productRefGroup = 4EAFE0672181525B008038BF /* Products */;
			projectDirPath = "";
			projectRoot = "";
			targets = (
				4EAFE0652181525B008038BF /* iFaithApp */,
				4EAFE0792181525C008038BF /* iFaithAppTests */,
				4EAFE0842181525C008038BF /* iFaithAppUITests */,
			);
		};
/* End PBXProject section */

/* Begin PBXResourcesBuildPhase section */
		4EAFE0642181525B008038BF /* Resources */ = {
			isa = PBXResourcesBuildPhase;
			buildActionMask = 2147483647;
			files = (
				4EAFE0742181525B008038BF /* LaunchScreen.storyboard in Resources */,
				4EAFE0712181525B008038BF /* Assets.xcassets in Resources */,
				4EAFE06F2181525B008038BF /* Main.storyboard in Resources */,
			);
			runOnlyForDeploymentPostprocessing = 0;
		};
		4EAFE0782181525C008038BF /* Resources */ = {
			isa = PBXResourcesBuildPhase;
			buildActionMask = 2147483647;
			files = (
			);
			runOnlyForDeploymentPostprocessing = 0;
		};
		4EAFE0832181525C008038BF /* Resources */ = {
			isa = PBXResourcesBuildPhase;
			buildActionMask = 2147483647;
			files = (
			);
			runOnlyForDeploymentPostprocessing = 0;
		};
/* End PBXResourcesBuildPhase section */

/* Begin PBXSourcesBuildPhase section */
		4EAFE0622181525B008038BF /* Sources */ = {
			isa = PBXSourcesBuildPhase;
			buildActionMask = 2147483647;
			files = (
				4EAFE06C2181525B008038BF /* ViewController.swift in Sources */,
				4EAFE0A121815604008038BF /* Button.swift in Sources */,
				4EAFE09B21815357008038BF /* UIBridge.swift in Sources */,
				4EAFE06A2181525B008038BF /* AppDelegate.swift in Sources */,
				4EAFE09D218153EB008038BF /* FView.swift in Sources */,
				4EAFE09F218154B9008038BF /* FrameLayout.swift in Sources */,
			);
			runOnlyForDeploymentPostprocessing = 0;
		};
		4EAFE0762181525C008038BF /* Sources */ = {
			isa = PBXSourcesBuildPhase;
			buildActionMask = 2147483647;
			files = (
				4EAFE07F2181525C008038BF /* iFaithAppTests.swift in Sources */,
			);
			runOnlyForDeploymentPostprocessing = 0;
		};
		4EAFE0812181525C008038BF /* Sources */ = {
			isa = PBXSourcesBuildPhase;
			buildActionMask = 2147483647;
			files = (
				4EAFE08A2181525C008038BF /* iFaithAppUITests.swift in Sources */,
			);
			runOnlyForDeploymentPostprocessing = 0;
		};
/* End PBXSourcesBuildPhase section */

/* Begin PBXTargetDependency section */
		4EAFE07C2181525C008038BF /* PBXTargetDependency */ = {
			isa = PBXTargetDependency;
			target = 4EAFE0652181525B008038BF /* iFaithApp */;
			targetProxy = 4EAFE07B2181525C008038BF /* PBXContainerItemProxy */;
		};
		4EAFE0872181525C008038BF /* PBXTargetDependency */ = {
			isa = PBXTargetDependency;
			target = 4EAFE0652181525B008038BF /* iFaithApp */;
			targetProxy = 4EAFE0862181525C008038BF /* PBXContainerItemProxy */;
		};
/* End PBXTargetDependency section */

/* Begin PBXVariantGroup section */
		4EAFE06D2181525B008038BF /* Main.storyboard */ = {
			isa = PBXVariantGroup;
			children = (
				4EAFE06E2181525B008038BF /* Base */,
			);
			name = Main.storyboard;
			sourceTree = "<group>";
		};
		4EAFE0722181525B008038BF /* LaunchScreen.storyboard */ = {
			isa = PBXVariantGroup;
			children = (
				4EAFE0732181525B008038BF /* Base */,
			);
			name = LaunchScreen.storyboard;
			sourceTree = "<group>";
		};
/* End PBXVariantGroup section */

/* Begin XCBuildConfiguration section */
		4EAFE08C2181525C008038BF /* Debug */ = {
			isa = XCBuildConfiguration;
			buildSettings = {
				ALWAYS_SEARCH_USER_PATHS = NO;
				CLANG_ANALYZER_NONNULL = YES;
				CLANG_ANALYZER_NUMBER_OBJECT_CONVERSION = YES_AGGRESSIVE;
				CLANG_CXX_LANGUAGE_STANDARD = "gnu++14";
				CLANG_CXX_LIBRARY = "libc++";
				CLANG_ENABLE_MODULES = YES;
				CLANG_ENABLE_OBJC_ARC = YES;
				CLANG_ENABLE_OBJC_WEAK = YES;
				CLANG_WARN_BLOCK_CAPTURE_AUTORELEASING = YES;
				CLANG_WARN_BOOL_CONVERSION = YES;
				CLANG_WARN_COMMA = YES;
				CLANG_WARN_CONSTANT_CONVERSION = YES;
				CLANG_WARN_DEPRECATED_OBJC_IMPLEMENTATIONS = YES;
				CLANG_WARN_DIRECT_OBJC_ISA_USAGE = YES_ERROR;
				CLANG_WARN_DOCUMENTATION_COMMENTS = YES;
				CLANG_WARN_EMPTY_BODY = YES;
				CLANG_WARN_ENUM_CONVERSION = YES;
				CLANG_WARN_INFINITE_RECURSION = YES;
				CLANG_WARN_INT_CONVERSION = YES;
				CLANG_WARN_NON_LITERAL_NULL_CONVERSION = YES;
				CLANG_WARN_OBJC_IMPLICIT_RETAIN_SELF = YES;
				CLANG_WARN_OBJC_LITERAL_CONVERSION = YES;
				CLANG_WARN_OBJC_ROOT_CLASS = YES_ERROR;
				CLANG_WARN_RANGE_LOOP_ANALYSIS = YES;
				CLANG_WARN_STRICT_PROTOTYPES = YES;
				CLANG_WARN_SUSPICIOUS_MOVE = YES;
				CLANG_WARN_UNGUARDED_AVAILABILITY = YES_AGGRESSIVE;
				CLANG_WARN_UNREACHABLE_CODE = YES;
				CLANG_WARN__DUPLICATE_METHOD_MATCH = YES;
				CODE_SIGN_IDENTITY = "iPhone Developer";
				COPY_PHASE_STRIP = NO;
				DEBUG_INFORMATION_FORMAT = dwarf;
				ENABLE_STRICT_OBJC_MSGSEND = YES;
				ENABLE_TESTABILITY = YES;
				GCC_C_LANGUAGE_STANDARD = gnu11;
				GCC_DYNAMIC_NO_PIC = NO;
				GCC_NO_COMMON_BLOCKS = YES;
				GCC_OPTIMIZATION_LEVEL = 0;
				GCC_PREPROCESSOR_DEFINITIONS = (
					"DEBUG=1",
					"$(inherited)",
				);
				GCC_WARN_64_TO_32_BIT_CONVERSION = YES;
				GCC_WARN_ABOUT_RETURN_TYPE = YES_ERROR;
				GCC_WARN_UNDECLARED_SELECTOR = YES;
				GCC_WARN_UNINITIALIZED_AUTOS = YES_AGGRESSIVE;
				GCC_WARN_UNUSED_FUNCTION = YES;
				GCC_WARN_UNUSED_VARIABLE = YES;
				IPHONEOS_DEPLOYMENT_TARGET = 12.0;
				MTL_ENABLE_DEBUG_INFO = INCLUDE_SOURCE;
				MTL_FAST_MATH = YES;
				ONLY_ACTIVE_ARCH = YES;
				SDKROOT = iphoneos;
				SWIFT_ACTIVE_COMPILATION_CONDITIONS = DEBUG;
				SWIFT_OPTIMIZATION_LEVEL = "-Onone";
			};
			name = Debug;
		};
		4EAFE08D2181525C008038BF /* Release */ = {
			isa = XCBuildConfiguration;
			buildSettings = {
				ALWAYS_SEARCH_USER_PATHS = NO;
				CLANG_ANALYZER_NONNULL = YES;
				CLANG_ANALYZER_NUMBER_OBJECT_CONVERSION = YES_AGGRESSIVE;
				CLANG_CXX_LANGUAGE_STANDARD = "gnu++14";
				CLANG_CXX_LIBRARY = "libc++";
				CLANG_ENABLE_MODULES = YES;
				CLANG_ENABLE_OBJC_ARC = YES;
				CLANG_ENABLE_OBJC_WEAK = YES;
				CLANG_WARN_BLOCK_CAPTURE_AUTORELEASING = YES;
				CLANG_WARN_BOOL_CONVERSION = YES;
				CLANG_WARN_COMMA = YES;
				CLANG_WARN_CONSTANT_CONVERSION = YES;
				CLANG_WARN_DEPRECATED_OBJC_IMPLEMENTATIONS = YES;
				CLANG_WARN_DIRECT_OBJC_ISA_USAGE = YES_ERROR;
				CLANG_WARN_DOCUMENTATION_COMMENTS = YES;
				CLANG_WARN_EMPTY_BODY = YES;
				CLANG_WARN_ENUM_CONVERSION = YES;
				CLANG_WARN_INFINITE_RECURSION = YES;
				CLANG_WARN_INT_CONVERSION = YES;
				CLANG_WARN_NON_LITERAL_NULL_CONVERSION = YES;
				CLANG_WARN_OBJC_IMPLICIT_RETAIN_SELF = YES;
				CLANG_WARN_OBJC_LITERAL_CONVERSION = YES;
				CLANG_WARN_OBJC_ROOT_CLASS = YES_ERROR;
				CLANG_WARN_RANGE_LOOP_ANALYSIS = YES;
				CLANG_WARN_STRICT_PROTOTYPES = YES;
				CLANG_WARN_SUSPICIOUS_MOVE = YES;
				CLANG_WARN_UNGUARDED_AVAILABILITY = YES_AGGRESSIVE;
				CLANG_WARN_UNREACHABLE_CODE = YES;
				CLANG_WARN__DUPLICATE_METHOD_MATCH = YES;
				CODE_SIGN_IDENTITY = "iPhone Developer";
				COPY_PHASE_STRIP = NO;
				DEBUG_INFORMATION_FORMAT = "dwarf-with-dsym";
				ENABLE_NS_ASSERTIONS = NO;
				ENABLE_STRICT_OBJC_MSGSEND = YES;
				GCC_C_LANGUAGE_STANDARD = gnu11;
				GCC_NO_COMMON_BLOCKS = YES;
				GCC_WARN_64_TO_32_BIT_CONVERSION = YES;
				GCC_WARN_ABOUT_RETURN_TYPE = YES_ERROR;
				GCC_WARN_UNDECLARED_SELECTOR = YES;
				GCC_WARN_UNINITIALIZED_AUTOS = YES_AGGRESSIVE;
				GCC_WARN_UNUSED_FUNCTION = YES;
				GCC_WARN_UNUSED_VARIABLE = YES;
				IPHONEOS_DEPLOYMENT_TARGET = 12.0;
				MTL_ENABLE_DEBUG_INFO = NO;
				MTL_FAST_MATH = YES;
				SDKROOT = iphoneos;
				SWIFT_COMPILATION_MODE = wholemodule;
				SWIFT_OPTIMIZATION_LEVEL = "-O";
				VALIDATE_PRODUCT = YES;
			};
			name = Release;
		};
		4EAFE08F2181525C008038BF /* Debug */ = {
			isa = XCBuildConfiguration;
			buildSettings = {
				ASSETCATALOG_COMPILER_APPICON_NAME = AppIcon;
				CODE_SIGN_STYLE = Automatic;
				FRAMEWORK_SEARCH_PATHS = (
					"$(inherited)",
					"$(PROJECT_DIR)",
				);
				INFOPLIST_FILE = iFaithApp/Info.plist;
				LD_RUNPATH_SEARCH_PATHS = (
					"$(inherited)",
					"@executable_path/Frameworks",
				);
				PRODUCT_BUNDLE_IDENTIFIER = io.github.stevenzack.iFaithApp;
				PRODUCT_NAME = "$(TARGET_NAME)";
				SWIFT_VERSION = 4.2;
				TARGETED_DEVICE_FAMILY = "1,2";
			};
			name = Debug;
		};
		4EAFE0902181525C008038BF /* Release */ = {
			isa = XCBuildConfiguration;
			buildSettings = {
				ASSETCATALOG_COMPILER_APPICON_NAME = AppIcon;
				CODE_SIGN_STYLE = Automatic;
				FRAMEWORK_SEARCH_PATHS = (
					"$(inherited)",
					"$(PROJECT_DIR)",
				);
				INFOPLIST_FILE = iFaithApp/Info.plist;
				LD_RUNPATH_SEARCH_PATHS = (
					"$(inherited)",
					"@executable_path/Frameworks",
				);
				PRODUCT_BUNDLE_IDENTIFIER = io.github.stevenzack.iFaithApp;
				PRODUCT_NAME = "$(TARGET_NAME)";
				SWIFT_VERSION = 4.2;
				TARGETED_DEVICE_FAMILY = "1,2";
			};
			name = Release;
		};
		4EAFE0922181525C008038BF /* Debug */ = {
			isa = XCBuildConfiguration;
			buildSettings = {
				ALWAYS_EMBED_SWIFT_STANDARD_LIBRARIES = YES;
				BUNDLE_LOADER = "$(TEST_HOST)";
				CODE_SIGN_STYLE = Automatic;
				INFOPLIST_FILE = iFaithAppTests/Info.plist;
				LD_RUNPATH_SEARCH_PATHS = (
					"$(inherited)",
					"@executable_path/Frameworks",
					"@loader_path/Frameworks",
				);
				PRODUCT_BUNDLE_IDENTIFIER = io.github.stevenzack.iFaithAppTests;
				PRODUCT_NAME = "$(TARGET_NAME)";
				SWIFT_VERSION = 4.2;
				TARGETED_DEVICE_FAMILY = "1,2";
				TEST_HOST = "$(BUILT_PRODUCTS_DIR)/iFaithApp.app/iFaithApp";
			};
			name = Debug;
		};
		4EAFE0932181525C008038BF /* Release */ = {
			isa = XCBuildConfiguration;
			buildSettings = {
				ALWAYS_EMBED_SWIFT_STANDARD_LIBRARIES = YES;
				BUNDLE_LOADER = "$(TEST_HOST)";
				CODE_SIGN_STYLE = Automatic;
				INFOPLIST_FILE = iFaithAppTests/Info.plist;
				LD_RUNPATH_SEARCH_PATHS = (
					"$(inherited)",
					"@executable_path/Frameworks",
					"@loader_path/Frameworks",
				);
				PRODUCT_BUNDLE_IDENTIFIER = io.github.stevenzack.iFaithAppTests;
				PRODUCT_NAME = "$(TARGET_NAME)";
				SWIFT_VERSION = 4.2;
				TARGETED_DEVICE_FAMILY = "1,2";
				TEST_HOST = "$(BUILT_PRODUCTS_DIR)/iFaithApp.app/iFaithApp";
			};
			name = Release;
		};
		4EAFE0952181525C008038BF /* Debug */ = {
			isa = XCBuildConfiguration;
			buildSettings = {
				ALWAYS_EMBED_SWIFT_STANDARD_LIBRARIES = YES;
				CODE_SIGN_STYLE = Automatic;
				INFOPLIST_FILE = iFaithAppUITests/Info.plist;
				LD_RUNPATH_SEARCH_PATHS = (
					"$(inherited)",
					"@executable_path/Frameworks",
					"@loader_path/Frameworks",
				);
				PRODUCT_BUNDLE_IDENTIFIER = io.github.stevenzack.iFaithAppUITests;
				PRODUCT_NAME = "$(TARGET_NAME)";
				SWIFT_VERSION = 4.2;
				TARGETED_DEVICE_FAMILY = "1,2";
				TEST_TARGET_NAME = iFaithApp;
			};
			name = Debug;
		};
		4EAFE0962181525C008038BF /* Release */ = {
			isa = XCBuildConfiguration;
			buildSettings = {
				ALWAYS_EMBED_SWIFT_STANDARD_LIBRARIES = YES;
				CODE_SIGN_STYLE = Automatic;
				INFOPLIST_FILE = iFaithAppUITests/Info.plist;
				LD_RUNPATH_SEARCH_PATHS = (
					"$(inherited)",
					"@executable_path/Frameworks",
					"@loader_path/Frameworks",
				);
				PRODUCT_BUNDLE_IDENTIFIER = io.github.stevenzack.iFaithAppUITests;
				PRODUCT_NAME = "$(TARGET_NAME)";
				SWIFT_VERSION = 4.2;
				TARGETED_DEVICE_FAMILY = "1,2";
				TEST_TARGET_NAME = iFaithApp;
			};
			name = Release;
		};
/* End XCBuildConfiguration section */

/* Begin XCConfigurationList section */
		4EAFE0612181525B008038BF /* Build configuration list for PBXProject "iFaithApp" */ = {
			isa = XCConfigurationList;
			buildConfigurations = (
				4EAFE08C2181525C008038BF /* Debug */,
				4EAFE08D2181525C008038BF /* Release */,
			);
			defaultConfigurationIsVisible = 0;
			defaultConfigurationName = Release;
		};
		4EAFE08E2181525C008038BF /* Build configuration list for PBXNativeTarget "iFaithApp" */ = {
			isa = XCConfigurationList;
			buildConfigurations = (
				4EAFE08F2181525C008038BF /* Debug */,
				4EAFE0902181525C008038BF /* Release */,
			);
			defaultConfigurationIsVisible = 0;
			defaultConfigurationName = Release;
		};
		4EAFE0912181525C008038BF /* Build configuration list for PBXNativeTarget "iFaithAppTests" */ = {
			isa = XCConfigurationList;
			buildConfigurations = (
				4EAFE0922181525C008038BF /* Debug */,
				4EAFE0932181525C008038BF /* Release */,
			);
			defaultConfigurationIsVisible = 0;
			defaultConfigurationName = Release;
		};
		4EAFE0942181525C008038BF /* Build configuration list for PBXNativeTarget "iFaithAppUITests" */ = {
			isa = XCConfigurationList;
			buildConfigurations = (
				4EAFE0952181525C008038BF /* Debug */,
				4EAFE0962181525C008038BF /* Release */,
			);
			defaultConfigurationIsVisible = 0;
			defaultConfigurationName = Release;
		};
/* End XCConfigurationList section */
	};
	rootObject = 4EAFE05E2181525B008038BF /* Project object */;
}
