// !$*UTF8*$!
{
	archiveVersion = 1;
	classes = {
	};
	objectVersion = 50;
	objects = {

/* Begin PBXBuildFile section */
		4EAFE02D21814DB5008038BF /* AppDelegate.swift in Sources */ = {isa = PBXBuildFile; fileRef = 4EAFE02C21814DB5008038BF /* AppDelegate.swift */; };
		4EAFE02F21814DB5008038BF /* ViewController.swift in Sources */ = {isa = PBXBuildFile; fileRef = 4EAFE02E21814DB5008038BF /* ViewController.swift */; };
		4EAFE03221814DB5008038BF /* Main.storyboard in Resources */ = {isa = PBXBuildFile; fileRef = 4EAFE03021814DB5008038BF /* Main.storyboard */; };
		4EAFE03421814DB6008038BF /* Assets.xcassets in Resources */ = {isa = PBXBuildFile; fileRef = 4EAFE03321814DB6008038BF /* Assets.xcassets */; };
		4EAFE03721814DB6008038BF /* LaunchScreen.storyboard in Resources */ = {isa = PBXBuildFile; fileRef = 4EAFE03521814DB6008038BF /* LaunchScreen.storyboard */; };
		4EAFE04221814DB7008038BF /* FaithdroidTests.swift in Sources */ = {isa = PBXBuildFile; fileRef = 4EAFE04121814DB7008038BF /* FaithdroidTests.swift */; };
		4EAFE04D21814DB7008038BF /* FaithdroidUITests.swift in Sources */ = {isa = PBXBuildFile; fileRef = 4EAFE04C21814DB7008038BF /* FaithdroidUITests.swift */; };
/* End PBXBuildFile section */

/* Begin PBXContainerItemProxy section */
		4EAFE03E21814DB7008038BF /* PBXContainerItemProxy */ = {
			isa = PBXContainerItemProxy;
			containerPortal = 4EAFE02121814DB5008038BF /* Project object */;
			proxyType = 1;
			remoteGlobalIDString = 4EAFE02821814DB5008038BF;
			remoteInfo = Faithdroid;
		};
		4EAFE04921814DB7008038BF /* PBXContainerItemProxy */ = {
			isa = PBXContainerItemProxy;
			containerPortal = 4EAFE02121814DB5008038BF /* Project object */;
			proxyType = 1;
			remoteGlobalIDString = 4EAFE02821814DB5008038BF;
			remoteInfo = Faithdroid;
		};
/* End PBXContainerItemProxy section */

/* Begin PBXFileReference section */
		4EAFE02921814DB5008038BF /* Faithdroid.app */ = {isa = PBXFileReference; explicitFileType = wrapper.application; includeInIndex = 0; path = Faithdroid.app; sourceTree = BUILT_PRODUCTS_DIR; };
		4EAFE02C21814DB5008038BF /* AppDelegate.swift */ = {isa = PBXFileReference; lastKnownFileType = sourcecode.swift; path = AppDelegate.swift; sourceTree = "<group>"; };
		4EAFE02E21814DB5008038BF /* ViewController.swift */ = {isa = PBXFileReference; lastKnownFileType = sourcecode.swift; path = ViewController.swift; sourceTree = "<group>"; };
		4EAFE03121814DB5008038BF /* Base */ = {isa = PBXFileReference; lastKnownFileType = file.storyboard; name = Base; path = Base.lproj/Main.storyboard; sourceTree = "<group>"; };
		4EAFE03321814DB6008038BF /* Assets.xcassets */ = {isa = PBXFileReference; lastKnownFileType = folder.assetcatalog; path = Assets.xcassets; sourceTree = "<group>"; };
		4EAFE03621814DB6008038BF /* Base */ = {isa = PBXFileReference; lastKnownFileType = file.storyboard; name = Base; path = Base.lproj/LaunchScreen.storyboard; sourceTree = "<group>"; };
		4EAFE03821814DB6008038BF /* Info.plist */ = {isa = PBXFileReference; lastKnownFileType = text.plist.xml; path = Info.plist; sourceTree = "<group>"; };
		4EAFE03D21814DB7008038BF /* FaithdroidTests.xctest */ = {isa = PBXFileReference; explicitFileType = wrapper.cfbundle; includeInIndex = 0; path = FaithdroidTests.xctest; sourceTree = BUILT_PRODUCTS_DIR; };
		4EAFE04121814DB7008038BF /* FaithdroidTests.swift */ = {isa = PBXFileReference; lastKnownFileType = sourcecode.swift; path = FaithdroidTests.swift; sourceTree = "<group>"; };
		4EAFE04321814DB7008038BF /* Info.plist */ = {isa = PBXFileReference; lastKnownFileType = text.plist.xml; path = Info.plist; sourceTree = "<group>"; };
		4EAFE04821814DB7008038BF /* FaithdroidUITests.xctest */ = {isa = PBXFileReference; explicitFileType = wrapper.cfbundle; includeInIndex = 0; path = FaithdroidUITests.xctest; sourceTree = BUILT_PRODUCTS_DIR; };
		4EAFE04C21814DB7008038BF /* FaithdroidUITests.swift */ = {isa = PBXFileReference; lastKnownFileType = sourcecode.swift; path = FaithdroidUITests.swift; sourceTree = "<group>"; };
		4EAFE04E21814DB7008038BF /* Info.plist */ = {isa = PBXFileReference; lastKnownFileType = text.plist.xml; path = Info.plist; sourceTree = "<group>"; };
/* End PBXFileReference section */

/* Begin PBXFrameworksBuildPhase section */
		4EAFE02621814DB5008038BF /* Frameworks */ = {
			isa = PBXFrameworksBuildPhase;
			buildActionMask = 2147483647;
			files = (
			);
			runOnlyForDeploymentPostprocessing = 0;
		};
		4EAFE03A21814DB7008038BF /* Frameworks */ = {
			isa = PBXFrameworksBuildPhase;
			buildActionMask = 2147483647;
			files = (
			);
			runOnlyForDeploymentPostprocessing = 0;
		};
		4EAFE04521814DB7008038BF /* Frameworks */ = {
			isa = PBXFrameworksBuildPhase;
			buildActionMask = 2147483647;
			files = (
			);
			runOnlyForDeploymentPostprocessing = 0;
		};
/* End PBXFrameworksBuildPhase section */

/* Begin PBXGroup section */
		4EAFE02021814DB5008038BF = {
			isa = PBXGroup;
			children = (
				4EAFE02B21814DB5008038BF /* Faithdroid */,
				4EAFE04021814DB7008038BF /* FaithdroidTests */,
				4EAFE04B21814DB7008038BF /* FaithdroidUITests */,
				4EAFE02A21814DB5008038BF /* Products */,
			);
			sourceTree = "<group>";
		};
		4EAFE02A21814DB5008038BF /* Products */ = {
			isa = PBXGroup;
			children = (
				4EAFE02921814DB5008038BF /* Faithdroid.app */,
				4EAFE03D21814DB7008038BF /* FaithdroidTests.xctest */,
				4EAFE04821814DB7008038BF /* FaithdroidUITests.xctest */,
			);
			name = Products;
			sourceTree = "<group>";
		};
		4EAFE02B21814DB5008038BF /* Faithdroid */ = {
			isa = PBXGroup;
			children = (
				4EAFE02C21814DB5008038BF /* AppDelegate.swift */,
				4EAFE02E21814DB5008038BF /* ViewController.swift */,
				4EAFE03021814DB5008038BF /* Main.storyboard */,
				4EAFE03321814DB6008038BF /* Assets.xcassets */,
				4EAFE03521814DB6008038BF /* LaunchScreen.storyboard */,
				4EAFE03821814DB6008038BF /* Info.plist */,
			);
			path = Faithdroid;
			sourceTree = "<group>";
		};
		4EAFE04021814DB7008038BF /* FaithdroidTests */ = {
			isa = PBXGroup;
			children = (
				4EAFE04121814DB7008038BF /* FaithdroidTests.swift */,
				4EAFE04321814DB7008038BF /* Info.plist */,
			);
			path = FaithdroidTests;
			sourceTree = "<group>";
		};
		4EAFE04B21814DB7008038BF /* FaithdroidUITests */ = {
			isa = PBXGroup;
			children = (
				4EAFE04C21814DB7008038BF /* FaithdroidUITests.swift */,
				4EAFE04E21814DB7008038BF /* Info.plist */,
			);
			path = FaithdroidUITests;
			sourceTree = "<group>";
		};
/* End PBXGroup section */

/* Begin PBXNativeTarget section */
		4EAFE02821814DB5008038BF /* Faithdroid */ = {
			isa = PBXNativeTarget;
			buildConfigurationList = 4EAFE05121814DB7008038BF /* Build configuration list for PBXNativeTarget "Faithdroid" */;
			buildPhases = (
				4EAFE02521814DB5008038BF /* Sources */,
				4EAFE02621814DB5008038BF /* Frameworks */,
				4EAFE02721814DB5008038BF /* Resources */,
			);
			buildRules = (
			);
			dependencies = (
			);
			name = Faithdroid;
			productName = Faithdroid;
			productReference = 4EAFE02921814DB5008038BF /* Faithdroid.app */;
			productType = "com.apple.product-type.application";
		};
		4EAFE03C21814DB7008038BF /* FaithdroidTests */ = {
			isa = PBXNativeTarget;
			buildConfigurationList = 4EAFE05421814DB7008038BF /* Build configuration list for PBXNativeTarget "FaithdroidTests" */;
			buildPhases = (
				4EAFE03921814DB7008038BF /* Sources */,
				4EAFE03A21814DB7008038BF /* Frameworks */,
				4EAFE03B21814DB7008038BF /* Resources */,
			);
			buildRules = (
			);
			dependencies = (
				4EAFE03F21814DB7008038BF /* PBXTargetDependency */,
			);
			name = FaithdroidTests;
			productName = FaithdroidTests;
			productReference = 4EAFE03D21814DB7008038BF /* FaithdroidTests.xctest */;
			productType = "com.apple.product-type.bundle.unit-test";
		};
		4EAFE04721814DB7008038BF /* FaithdroidUITests */ = {
			isa = PBXNativeTarget;
			buildConfigurationList = 4EAFE05721814DB7008038BF /* Build configuration list for PBXNativeTarget "FaithdroidUITests" */;
			buildPhases = (
				4EAFE04421814DB7008038BF /* Sources */,
				4EAFE04521814DB7008038BF /* Frameworks */,
				4EAFE04621814DB7008038BF /* Resources */,
			);
			buildRules = (
			);
			dependencies = (
				4EAFE04A21814DB7008038BF /* PBXTargetDependency */,
			);
			name = FaithdroidUITests;
			productName = FaithdroidUITests;
			productReference = 4EAFE04821814DB7008038BF /* FaithdroidUITests.xctest */;
			productType = "com.apple.product-type.bundle.ui-testing";
		};
/* End PBXNativeTarget section */

/* Begin PBXProject section */
		4EAFE02121814DB5008038BF /* Project object */ = {
			isa = PBXProject;
			attributes = {
				LastSwiftUpdateCheck = 1000;
				LastUpgradeCheck = 1000;
				ORGANIZATIONNAME = asd;
				TargetAttributes = {
					4EAFE02821814DB5008038BF = {
						CreatedOnToolsVersion = 10.0;
					};
					4EAFE03C21814DB7008038BF = {
						CreatedOnToolsVersion = 10.0;
						TestTargetID = 4EAFE02821814DB5008038BF;
					};
					4EAFE04721814DB7008038BF = {
						CreatedOnToolsVersion = 10.0;
						TestTargetID = 4EAFE02821814DB5008038BF;
					};
				};
			};
			buildConfigurationList = 4EAFE02421814DB5008038BF /* Build configuration list for PBXProject "Faithdroid" */;
			compatibilityVersion = "Xcode 9.3";
			developmentRegion = en;
			hasScannedForEncodings = 0;
			knownRegions = (
				en,
				Base,
			);
			mainGroup = 4EAFE02021814DB5008038BF;
			productRefGroup = 4EAFE02A21814DB5008038BF /* Products */;
			projectDirPath = "";
			projectRoot = "";
			targets = (
				4EAFE02821814DB5008038BF /* Faithdroid */,
				4EAFE03C21814DB7008038BF /* FaithdroidTests */,
				4EAFE04721814DB7008038BF /* FaithdroidUITests */,
			);
		};
/* End PBXProject section */

/* Begin PBXResourcesBuildPhase section */
		4EAFE02721814DB5008038BF /* Resources */ = {
			isa = PBXResourcesBuildPhase;
			buildActionMask = 2147483647;
			files = (
				4EAFE03721814DB6008038BF /* LaunchScreen.storyboard in Resources */,
				4EAFE03421814DB6008038BF /* Assets.xcassets in Resources */,
				4EAFE03221814DB5008038BF /* Main.storyboard in Resources */,
			);
			runOnlyForDeploymentPostprocessing = 0;
		};
		4EAFE03B21814DB7008038BF /* Resources */ = {
			isa = PBXResourcesBuildPhase;
			buildActionMask = 2147483647;
			files = (
			);
			runOnlyForDeploymentPostprocessing = 0;
		};
		4EAFE04621814DB7008038BF /* Resources */ = {
			isa = PBXResourcesBuildPhase;
			buildActionMask = 2147483647;
			files = (
			);
			runOnlyForDeploymentPostprocessing = 0;
		};
/* End PBXResourcesBuildPhase section */

/* Begin PBXSourcesBuildPhase section */
		4EAFE02521814DB5008038BF /* Sources */ = {
			isa = PBXSourcesBuildPhase;
			buildActionMask = 2147483647;
			files = (
				4EAFE02F21814DB5008038BF /* ViewController.swift in Sources */,
				4EAFE02D21814DB5008038BF /* AppDelegate.swift in Sources */,
			);
			runOnlyForDeploymentPostprocessing = 0;
		};
		4EAFE03921814DB7008038BF /* Sources */ = {
			isa = PBXSourcesBuildPhase;
			buildActionMask = 2147483647;
			files = (
				4EAFE04221814DB7008038BF /* FaithdroidTests.swift in Sources */,
			);
			runOnlyForDeploymentPostprocessing = 0;
		};
		4EAFE04421814DB7008038BF /* Sources */ = {
			isa = PBXSourcesBuildPhase;
			buildActionMask = 2147483647;
			files = (
				4EAFE04D21814DB7008038BF /* FaithdroidUITests.swift in Sources */,
			);
			runOnlyForDeploymentPostprocessing = 0;
		};
/* End PBXSourcesBuildPhase section */

/* Begin PBXTargetDependency section */
		4EAFE03F21814DB7008038BF /* PBXTargetDependency */ = {
			isa = PBXTargetDependency;
			target = 4EAFE02821814DB5008038BF /* Faithdroid */;
			targetProxy = 4EAFE03E21814DB7008038BF /* PBXContainerItemProxy */;
		};
		4EAFE04A21814DB7008038BF /* PBXTargetDependency */ = {
			isa = PBXTargetDependency;
			target = 4EAFE02821814DB5008038BF /* Faithdroid */;
			targetProxy = 4EAFE04921814DB7008038BF /* PBXContainerItemProxy */;
		};
/* End PBXTargetDependency section */

/* Begin PBXVariantGroup section */
		4EAFE03021814DB5008038BF /* Main.storyboard */ = {
			isa = PBXVariantGroup;
			children = (
				4EAFE03121814DB5008038BF /* Base */,
			);
			name = Main.storyboard;
			sourceTree = "<group>";
		};
		4EAFE03521814DB6008038BF /* LaunchScreen.storyboard */ = {
			isa = PBXVariantGroup;
			children = (
				4EAFE03621814DB6008038BF /* Base */,
			);
			name = LaunchScreen.storyboard;
			sourceTree = "<group>";
		};
/* End PBXVariantGroup section */

/* Begin XCBuildConfiguration section */
		4EAFE04F21814DB7008038BF /* Debug */ = {
			isa = XCBuildConfiguration;
			buildSettings = {
				ALWAYS_SEARCH_USER_PATHS = NO;
				CLANG_ANALYZER_NONNULL = YES;
				CLANG_ANALYZER_NUMBER_OBJECT_CONVERSION = YES_AGGRESSIVE;
				CLANG_CXX_LANGUAGE_STANDARD = "gnu++14";
				CLANG_CXX_LIBRARY = "libc++";
				CLANG_ENABLE_MODULES = YES;
				CLANG_ENABLE_OBJC_ARC = YES;
				CLANG_ENABLE_OBJC_WEAK = YES;
				CLANG_WARN_BLOCK_CAPTURE_AUTORELEASING = YES;
				CLANG_WARN_BOOL_CONVERSION = YES;
				CLANG_WARN_COMMA = YES;
				CLANG_WARN_CONSTANT_CONVERSION = YES;
				CLANG_WARN_DEPRECATED_OBJC_IMPLEMENTATIONS = YES;
				CLANG_WARN_DIRECT_OBJC_ISA_USAGE = YES_ERROR;
				CLANG_WARN_DOCUMENTATION_COMMENTS = YES;
				CLANG_WARN_EMPTY_BODY = YES;
				CLANG_WARN_ENUM_CONVERSION = YES;
				CLANG_WARN_INFINITE_RECURSION = YES;
				CLANG_WARN_INT_CONVERSION = YES;
				CLANG_WARN_NON_LITERAL_NULL_CONVERSION = YES;
				CLANG_WARN_OBJC_IMPLICIT_RETAIN_SELF = YES;
				CLANG_WARN_OBJC_LITERAL_CONVERSION = YES;
				CLANG_WARN_OBJC_ROOT_CLASS = YES_ERROR;
				CLANG_WARN_RANGE_LOOP_ANALYSIS = YES;
				CLANG_WARN_STRICT_PROTOTYPES = YES;
				CLANG_WARN_SUSPICIOUS_MOVE = YES;
				CLANG_WARN_UNGUARDED_AVAILABILITY = YES_AGGRESSIVE;
				CLANG_WARN_UNREACHABLE_CODE = YES;
				CLANG_WARN__DUPLICATE_METHOD_MATCH = YES;
				CODE_SIGN_IDENTITY = "iPhone Developer";
				COPY_PHASE_STRIP = NO;
				DEBUG_INFORMATION_FORMAT = dwarf;
				ENABLE_STRICT_OBJC_MSGSEND = YES;
				ENABLE_TESTABILITY = YES;
				GCC_C_LANGUAGE_STANDARD = gnu11;
				GCC_DYNAMIC_NO_PIC = NO;
				GCC_NO_COMMON_BLOCKS = YES;
				GCC_OPTIMIZATION_LEVEL = 0;
				GCC_PREPROCESSOR_DEFINITIONS = (
					"DEBUG=1",
					"$(inherited)",
				);
				GCC_WARN_64_TO_32_BIT_CONVERSION = YES;
				GCC_WARN_ABOUT_RETURN_TYPE = YES_ERROR;
				GCC_WARN_UNDECLARED_SELECTOR = YES;
				GCC_WARN_UNINITIALIZED_AUTOS = YES_AGGRESSIVE;
				GCC_WARN_UNUSED_FUNCTION = YES;
				GCC_WARN_UNUSED_VARIABLE = YES;
				IPHONEOS_DEPLOYMENT_TARGET = 12.0;
				MTL_ENABLE_DEBUG_INFO = INCLUDE_SOURCE;
				MTL_FAST_MATH = YES;
				ONLY_ACTIVE_ARCH = YES;
				SDKROOT = iphoneos;
				SWIFT_ACTIVE_COMPILATION_CONDITIONS = DEBUG;
				SWIFT_OPTIMIZATION_LEVEL = "-Onone";
			};
			name = Debug;
		};
		4EAFE05021814DB7008038BF /* Release */ = {
			isa = XCBuildConfiguration;
			buildSettings = {
				ALWAYS_SEARCH_USER_PATHS = NO;
				CLANG_ANALYZER_NONNULL = YES;
				CLANG_ANALYZER_NUMBER_OBJECT_CONVERSION = YES_AGGRESSIVE;
				CLANG_CXX_LANGUAGE_STANDARD = "gnu++14";
				CLANG_CXX_LIBRARY = "libc++";
				CLANG_ENABLE_MODULES = YES;
				CLANG_ENABLE_OBJC_ARC = YES;
				CLANG_ENABLE_OBJC_WEAK = YES;
				CLANG_WARN_BLOCK_CAPTURE_AUTORELEASING = YES;
				CLANG_WARN_BOOL_CONVERSION = YES;
				CLANG_WARN_COMMA = YES;
				CLANG_WARN_CONSTANT_CONVERSION = YES;
				CLANG_WARN_DEPRECATED_OBJC_IMPLEMENTATIONS = YES;
				CLANG_WARN_DIRECT_OBJC_ISA_USAGE = YES_ERROR;
				CLANG_WARN_DOCUMENTATION_COMMENTS = YES;
				CLANG_WARN_EMPTY_BODY = YES;
				CLANG_WARN_ENUM_CONVERSION = YES;
				CLANG_WARN_INFINITE_RECURSION = YES;
				CLANG_WARN_INT_CONVERSION = YES;
				CLANG_WARN_NON_LITERAL_NULL_CONVERSION = YES;
				CLANG_WARN_OBJC_IMPLICIT_RETAIN_SELF = YES;
				CLANG_WARN_OBJC_LITERAL_CONVERSION = YES;
				CLANG_WARN_OBJC_ROOT_CLASS = YES_ERROR;
				CLANG_WARN_RANGE_LOOP_ANALYSIS = YES;
				CLANG_WARN_STRICT_PROTOTYPES = YES;
				CLANG_WARN_SUSPICIOUS_MOVE = YES;
				CLANG_WARN_UNGUARDED_AVAILABILITY = YES_AGGRESSIVE;
				CLANG_WARN_UNREACHABLE_CODE = YES;
				CLANG_WARN__DUPLICATE_METHOD_MATCH = YES;
				CODE_SIGN_IDENTITY = "iPhone Developer";
				COPY_PHASE_STRIP = NO;
				DEBUG_INFORMATION_FORMAT = "dwarf-with-dsym";
				ENABLE_NS_ASSERTIONS = NO;
				ENABLE_STRICT_OBJC_MSGSEND = YES;
				GCC_C_LANGUAGE_STANDARD = gnu11;
				GCC_NO_COMMON_BLOCKS = YES;
				GCC_WARN_64_TO_32_BIT_CONVERSION = YES;
				GCC_WARN_ABOUT_RETURN_TYPE = YES_ERROR;
				GCC_WARN_UNDECLARED_SELECTOR = YES;
				GCC_WARN_UNINITIALIZED_AUTOS = YES_AGGRESSIVE;
				GCC_WARN_UNUSED_FUNCTION = YES;
				GCC_WARN_UNUSED_VARIABLE = YES;
				IPHONEOS_DEPLOYMENT_TARGET = 12.0;
				MTL_ENABLE_DEBUG_INFO = NO;
				MTL_FAST_MATH = YES;
				SDKROOT = iphoneos;
				SWIFT_COMPILATION_MODE = wholemodule;
				SWIFT_OPTIMIZATION_LEVEL = "-O";
				VALIDATE_PRODUCT = YES;
			};
			name = Release;
		};
		4EAFE05221814DB7008038BF /* Debug */ = {
			isa = XCBuildConfiguration;
			buildSettings = {
				ASSETCATALOG_COMPILER_APPICON_NAME = AppIcon;
				CODE_SIGN_STYLE = Automatic;
				INFOPLIST_FILE = Faithdroid/Info.plist;
				LD_RUNPATH_SEARCH_PATHS = (
					"$(inherited)",
					"@executable_path/Frameworks",
				);
				PRODUCT_BUNDLE_IDENTIFIER = io.github.stevenzack.Faithdroid;
				PRODUCT_NAME = "$(TARGET_NAME)";
				SWIFT_VERSION = 4.2;
				TARGETED_DEVICE_FAMILY = "1,2";
			};
			name = Debug;
		};
		4EAFE05321814DB7008038BF /* Release */ = {
			isa = XCBuildConfiguration;
			buildSettings = {
				ASSETCATALOG_COMPILER_APPICON_NAME = AppIcon;
				CODE_SIGN_STYLE = Automatic;
				INFOPLIST_FILE = Faithdroid/Info.plist;
				LD_RUNPATH_SEARCH_PATHS = (
					"$(inherited)",
					"@executable_path/Frameworks",
				);
				PRODUCT_BUNDLE_IDENTIFIER = io.github.stevenzack.Faithdroid;
				PRODUCT_NAME = "$(TARGET_NAME)";
				SWIFT_VERSION = 4.2;
				TARGETED_DEVICE_FAMILY = "1,2";
			};
			name = Release;
		};
		4EAFE05521814DB7008038BF /* Debug */ = {
			isa = XCBuildConfiguration;
			buildSettings = {
				ALWAYS_EMBED_SWIFT_STANDARD_LIBRARIES = YES;
				BUNDLE_LOADER = "$(TEST_HOST)";
				CODE_SIGN_STYLE = Automatic;
				INFOPLIST_FILE = FaithdroidTests/Info.plist;
				LD_RUNPATH_SEARCH_PATHS = (
					"$(inherited)",
					"@executable_path/Frameworks",
					"@loader_path/Frameworks",
				);
				PRODUCT_BUNDLE_IDENTIFIER = io.github.stevenzack.FaithdroidTests;
				PRODUCT_NAME = "$(TARGET_NAME)";
				SWIFT_VERSION = 4.2;
				TARGETED_DEVICE_FAMILY = "1,2";
				TEST_HOST = "$(BUILT_PRODUCTS_DIR)/Faithdroid.app/Faithdroid";
			};
			name = Debug;
		};
		4EAFE05621814DB7008038BF /* Release */ = {
			isa = XCBuildConfiguration;
			buildSettings = {
				ALWAYS_EMBED_SWIFT_STANDARD_LIBRARIES = YES;
				BUNDLE_LOADER = "$(TEST_HOST)";
				CODE_SIGN_STYLE = Automatic;
				INFOPLIST_FILE = FaithdroidTests/Info.plist;
				LD_RUNPATH_SEARCH_PATHS = (
					"$(inherited)",
					"@executable_path/Frameworks",
					"@loader_path/Frameworks",
				);
				PRODUCT_BUNDLE_IDENTIFIER = io.github.stevenzack.FaithdroidTests;
				PRODUCT_NAME = "$(TARGET_NAME)";
				SWIFT_VERSION = 4.2;
				TARGETED_DEVICE_FAMILY = "1,2";
				TEST_HOST = "$(BUILT_PRODUCTS_DIR)/Faithdroid.app/Faithdroid";
			};
			name = Release;
		};
		4EAFE05821814DB7008038BF /* Debug */ = {
			isa = XCBuildConfiguration;
			buildSettings = {
				ALWAYS_EMBED_SWIFT_STANDARD_LIBRARIES = YES;
				CODE_SIGN_STYLE = Automatic;
				INFOPLIST_FILE = FaithdroidUITests/Info.plist;
				LD_RUNPATH_SEARCH_PATHS = (
					"$(inherited)",
					"@executable_path/Frameworks",
					"@loader_path/Frameworks",
				);
				PRODUCT_BUNDLE_IDENTIFIER = io.github.stevenzack.FaithdroidUITests;
				PRODUCT_NAME = "$(TARGET_NAME)";
				SWIFT_VERSION = 4.2;
				TARGETED_DEVICE_FAMILY = "1,2";
				TEST_TARGET_NAME = Faithdroid;
			};
			name = Debug;
		};
		4EAFE05921814DB7008038BF /* Release */ = {
			isa = XCBuildConfiguration;
			buildSettings = {
				ALWAYS_EMBED_SWIFT_STANDARD_LIBRARIES = YES;
				CODE_SIGN_STYLE = Automatic;
				INFOPLIST_FILE = FaithdroidUITests/Info.plist;
				LD_RUNPATH_SEARCH_PATHS = (
					"$(inherited)",
					"@executable_path/Frameworks",
					"@loader_path/Frameworks",
				);
				PRODUCT_BUNDLE_IDENTIFIER = io.github.stevenzack.FaithdroidUITests;
				PRODUCT_NAME = "$(TARGET_NAME)";
				SWIFT_VERSION = 4.2;
				TARGETED_DEVICE_FAMILY = "1,2";
				TEST_TARGET_NAME = Faithdroid;
			};
			name = Release;
		};
/* End XCBuildConfiguration section */

/* Begin XCConfigurationList section */
		4EAFE02421814DB5008038BF /* Build configuration list for PBXProject "Faithdroid" */ = {
			isa = XCConfigurationList;
			buildConfigurations = (
				4EAFE04F21814DB7008038BF /* Debug */,
				4EAFE05021814DB7008038BF /* Release */,
			);
			defaultConfigurationIsVisible = 0;
			defaultConfigurationName = Release;
		};
		4EAFE05121814DB7008038BF /* Build configuration list for PBXNativeTarget "Faithdroid" */ = {
			isa = XCConfigurationList;
			buildConfigurations = (
				4EAFE05221814DB7008038BF /* Debug */,
				4EAFE05321814DB7008038BF /* Release */,
			);
			defaultConfigurationIsVisible = 0;
			defaultConfigurationName = Release;
		};
		4EAFE05421814DB7008038BF /* Build configuration list for PBXNativeTarget "FaithdroidTests" */ = {
			isa = XCConfigurationList;
			buildConfigurations = (
				4EAFE05521814DB7008038BF /* Debug */,
				4EAFE05621814DB7008038BF /* Release */,
			);
			defaultConfigurationIsVisible = 0;
			defaultConfigurationName = Release;
		};
		4EAFE05721814DB7008038BF /* Build configuration list for PBXNativeTarget "FaithdroidUITests" */ = {
			isa = XCConfigurationList;
			buildConfigurations = (
				4EAFE05821814DB7008038BF /* Debug */,
				4EAFE05921814DB7008038BF /* Release */,
			);
			defaultConfigurationIsVisible = 0;
			defaultConfigurationName = Release;
		};
/* End XCConfigurationList section */
	};
	rootObject = 4EAFE02121814DB5008038BF /* Project object */;
}
